
Microsoft Visual Studio Solution File, Format Version 12.00
# Visual Studio Version 17
VisualStudioVersion = 17.0.32014.148
MinimumVisualStudioVersion = 10.0.40219.1
Project("{00D1A9C2-B5F0-4AF3-8072-F6C62B433612}") = "InsightCommunicationSuite.API.Database", "InsightCommunicationSuite.API.Database\InsightCommunicationSuite.API.Database.sqlproj", "{CD2D4C3C-0B51-44D2-8530-BB60C37326DE}"
EndProject
Global
	GlobalSection(SolutionConfigurationPlatforms) = preSolution
		Debug|Any CPU = Debug|Any CPU
		Release|Any CPU = Release|Any CPU
	EndGlobalSection
	GlobalSection(ProjectConfigurationPlatforms) = postSolution
		{CD2D4C3C-0B51-44D2-8530-BB60C37326DE}.Debug|Any CPU.ActiveCfg = Debug|Any CPU
		{CD2D4C3C-0B51-44D2-8530-BB60C37326DE}.Debug|Any CPU.Build.0 = Debug|Any CPU
		{CD2D4C3C-0B51-44D2-8530-BB60C37326DE}.Debug|Any CPU.Deploy.0 = Debug|Any CPU
		{CD2D4C3C-0B51-44D2-8530-BB60C37326DE}.Release|Any CPU.ActiveCfg = Release|Any CPU
		{CD2D4C3C-0B51-44D2-8530-BB60C37326DE}.Release|Any CPU.Build.0 = Release|Any CPU
		{CD2D4C3C-0B51-44D2-8530-BB60C37326DE}.Release|Any CPU.Deploy.0 = Release|Any CPU
	EndGlobalSection
	GlobalSection(SolutionProperties) = preSolution
		HideSolutionNode = FALSE
	EndGlobalSection
	GlobalSection(ExtensibilityGlobals) = postSolution
		SolutionGuid = {F688A13E-8486-4284-85A3-F7511BF53AF7}
	EndGlobalSection
EndGlobal
